{
  "version": 4,
  "terraform_version": "1.5.1",
  "serial": 7,
  "lineage": "09345762-8aa0-8220-e819-aab94866e0dd",
  "outputs": {},
  "resources": [
    {
      "mode": "data",
      "type": "archive_file",
      "name": "zip",
      "provider": "provider[\"registry.terraform.io/hashicorp/archive\"]",
      "instances": [
        {
          "schema_version": 0,
          "attributes": {
            "exclude_symlink_directories": null,
            "excludes": null,
            "id": "28405f1e3e943edc0b2c5f0a6ccd94cc906df991",
            "output_base64sha256": "v+5pkVEHUzARmAWPVFu0kfLQEWGLUJ2RLLkpgyI3jhI=",
            "output_base64sha512": "VWyJy6B3PA9iSGp2IdHQJhQSbFPhPtFGHEPG74nNYojdQYJhY5lfY3N6IOe8Fw8/gAH/OFQ4+PQTXbZNeuXrzg==",
            "output_file_mode": null,
            "output_md5": "d9a7b0668aa12df6703baa60ef18032d",
            "output_path": "./packedllambda.zip",
            "output_sha": "28405f1e3e943edc0b2c5f0a6ccd94cc906df991",
            "output_sha256": "bfee6991510753301198058f545bb491f2d011618b509d912cb9298322378e12",
            "output_sha512": "556c89cba0773c0f62486a7621d1d02614126c53e13ed1461c43c6ef89cd6288dd41826163995f63737a20e7bc170f3f8001ff385438f8f4135db64d7ae5ebce",
            "output_size": 546,
            "source": [],
            "source_content": null,
            "source_content_filename": null,
            "source_dir": "./lambda/",
            "source_file": null,
            "type": "zip"
          },
          "sensitive_attributes": []
        }
      ]
    },
    {
      "mode": "managed",
      "type": "aws_iam_role",
      "name": "RoleforLambda",
      "provider": "provider[\"registry.terraform.io/hashicorp/aws\"]",
      "instances": [
        {
          "schema_version": 0,
          "attributes": {
            "arn": "arn:aws:iam::784005884301:role/RoleforLambda",
            "assume_role_policy": "{\"Statement\":[{\"Action\":\"sts:AssumeRole\",\"Effect\":\"Allow\",\"Principal\":{\"Service\":\"lambda.amazonaws.com\"},\"Sid\":\"\"}],\"Version\":\"2012-10-17\"}",
            "create_date": "2023-07-11T18:03:08Z",
            "description": "",
            "force_detach_policies": false,
            "id": "RoleforLambda",
            "inline_policy": [],
            "managed_policy_arns": [],
            "max_session_duration": 3600,
            "name": "RoleforLambda",
            "name_prefix": "",
            "path": "/",
            "permissions_boundary": null,
            "tags": {},
            "tags_all": {},
            "unique_id": "AROA3NCTENGGS7PO5U2DG"
          },
          "sensitive_attributes": [],
          "private": "bnVsbA=="
        }
      ]
    },
    {
      "mode": "managed",
      "type": "aws_lambda_function",
      "name": "func",
      "provider": "provider[\"registry.terraform.io/hashicorp/aws\"]",
      "instances": [
        {
          "schema_version": 0,
          "attributes": {
            "architectures": [
              "x86_64"
            ],
            "arn": "arn:aws:lambda:us-east-1:784005884301:function:func",
            "code_signing_config_arn": "",
            "dead_letter_config": [],
            "description": "",
            "environment": [],
            "ephemeral_storage": [
              {
                "size": 512
              }
            ],
            "file_system_config": [],
            "filename": "./packedllambda.zip",
            "function_name": "func",
            "handler": "func.handler",
            "id": "func",
            "image_config": [],
            "image_uri": "",
            "invoke_arn": "arn:aws:apigateway:us-east-1:lambda:path/2015-03-31/functions/arn:aws:lambda:us-east-1:784005884301:function:func/invocations",
            "kms_key_arn": "",
            "last_modified": "2023-07-11T18:26:50.567+0000",
            "layers": [],
            "memory_size": 128,
            "package_type": "Zip",
            "publish": false,
            "qualified_arn": "arn:aws:lambda:us-east-1:784005884301:function:func:$LATEST",
            "qualified_invoke_arn": "arn:aws:apigateway:us-east-1:lambda:path/2015-03-31/functions/arn:aws:lambda:us-east-1:784005884301:function:func:$LATEST/invocations",
            "replace_security_groups_on_destroy": null,
            "replacement_security_group_ids": null,
            "reserved_concurrent_executions": -1,
            "role": "arn:aws:iam::784005884301:role/RoleforLambda",
            "runtime": "python3.10",
            "s3_bucket": null,
            "s3_key": null,
            "s3_object_version": null,
            "signing_job_arn": "",
            "signing_profile_version_arn": "",
            "skip_destroy": false,
            "snap_start": [],
            "source_code_hash": "v+5pkVEHUzARmAWPVFu0kfLQEWGLUJ2RLLkpgyI3jhI=",
            "source_code_size": 546,
            "tags": {},
            "tags_all": {},
            "timeout": 3,
            "timeouts": null,
            "tracing_config": [
              {
                "mode": "PassThrough"
              }
            ],
            "version": "$LATEST",
            "vpc_config": []
          },
          "sensitive_attributes": [],
          "private": "eyJlMmJmYjczMC1lY2FhLTExZTYtOGY4OC0zNDM2M2JjN2M0YzAiOnsiY3JlYXRlIjo2MDAwMDAwMDAwMDAsImRlbGV0ZSI6NjAwMDAwMDAwMDAwLCJ1cGRhdGUiOjYwMDAwMDAwMDAwMH19",
          "dependencies": [
            "aws_iam_role.RoleforLambda",
            "data.archive_file.zip"
          ]
        }
      ]
    },
    {
      "mode": "managed",
      "type": "aws_lambda_function_url",
      "name": "url1",
      "provider": "provider[\"registry.terraform.io/hashicorp/aws\"]",
      "instances": [
        {
          "schema_version": 0,
          "attributes": {
            "authorization_type": "NONE",
            "cors": [
              {
                "allow_credentials": true,
                "allow_headers": [
                  "date",
                  "keep-alive"
                ],
                "allow_methods": [
                  "*"
                ],
                "allow_origins": [
                  "*"
                ],
                "expose_headers": [
                  "date",
                  "keep-alive"
                ],
                "max_age": 86400
              }
            ],
            "function_arn": "arn:aws:lambda:us-east-1:784005884301:function:func",
            "function_name": "func",
            "function_url": "https://dkz6rwv44oo4kpbkj7auxs5g7e0nfoki.lambda-url.us-east-1.on.aws/",
            "id": "func",
            "invoke_mode": "BUFFERED",
            "qualifier": "",
            "timeouts": null,
            "url_id": "dkz6rwv44oo4kpbkj7auxs5g7e0nfoki"
          },
          "sensitive_attributes": [],
          "private": "eyJlMmJmYjczMC1lY2FhLTExZTYtOGY4OC0zNDM2M2JjN2M0YzAiOnsiY3JlYXRlIjo2MDAwMDAwMDAwMDB9fQ==",
          "dependencies": [
            "aws_iam_role.RoleforLambda",
            "aws_lambda_function.func",
            "data.archive_file.zip"
          ]
        }
      ]
    }
  ],
  "check_results": null
}
